
Microsoft Visual Studio Solution File, Format Version 12.00
# Visual Studio 15
VisualStudioVersion = 15.0.28010.2048
MinimumVisualStudioVersion = 10.0.40219.1
Project("{9A19103F-16F7-4668-BE54-9A1E7A4F7556}") = "ApisNetwork.Core", "src\ApisNetwork.Core\ApisNetwork.Core.csproj", "{F6C8E99B-81B0-4564-AAA1-267F1FEABDA6}"
EndProject
Project("{FAE04EC0-301F-11D3-BF4B-00C04F79EFBC}") = "ApisNetwork.Core.Tests", "test\ApisNetwork.Core.Tests\ApisNetwork.Core.Tests.csproj", "{BB963F2D-55E3-4686-9F07-53B4978398D2}"
EndProject
Global
	GlobalSection(SolutionConfigurationPlatforms) = preSolution
		Debug|Any CPU = Debug|Any CPU
		Release|Any CPU = Release|Any CPU
	EndGlobalSection
	GlobalSection(ProjectConfigurationPlatforms) = postSolution
		{F6C8E99B-81B0-4564-AAA1-267F1FEABDA6}.Debug|Any CPU.ActiveCfg = Debug|Any CPU
		{F6C8E99B-81B0-4564-AAA1-267F1FEABDA6}.Debug|Any CPU.Build.0 = Debug|Any CPU
		{F6C8E99B-81B0-4564-AAA1-267F1FEABDA6}.Release|Any CPU.ActiveCfg = Release|Any CPU
		{F6C8E99B-81B0-4564-AAA1-267F1FEABDA6}.Release|Any CPU.Build.0 = Release|Any CPU
		{BB963F2D-55E3-4686-9F07-53B4978398D2}.Debug|Any CPU.ActiveCfg = Debug|Any CPU
		{BB963F2D-55E3-4686-9F07-53B4978398D2}.Debug|Any CPU.Build.0 = Debug|Any CPU
		{BB963F2D-55E3-4686-9F07-53B4978398D2}.Release|Any CPU.ActiveCfg = Release|Any CPU
		{BB963F2D-55E3-4686-9F07-53B4978398D2}.Release|Any CPU.Build.0 = Release|Any CPU
	EndGlobalSection
	GlobalSection(SolutionProperties) = preSolution
		HideSolutionNode = FALSE
	EndGlobalSection
	GlobalSection(ExtensibilityGlobals) = postSolution
		SolutionGuid = {2A9CE6EB-7D6F-4230-A0C0-63B7CA1E445F}
	EndGlobalSection
EndGlobal
